
Microsoft Visual Studio Solution File, Format Version 12.00
# Visual Studio Version 17
VisualStudioVersion = 17.0.31903.59
MinimumVisualStudioVersion = 10.0.40219.1
Project("{FAE04EC0-301F-11D3-BF4B-00C04F79EFBC}") = "Nostalgia.Sync", "src\Nostalgia.Sync\Nostalgia.Sync.csproj", "{EE58D4BE-6A53-4F34-9DED-1907B4336AFE}"
EndProject
Project("{FAE04EC0-301F-11D3-BF4B-00C04F79EFBC}") = "Nostalgia.Core", "src\Nostalgia.Core\Nostalgia.Core.csproj", "{AB9452EA-9A7C-4367-B14D-E9B33A7C9B31}"
EndProject
Project("{FAE04EC0-301F-11D3-BF4B-00C04F79EFBC}") = "Nostalgia.Data", "src\Nostalgia.Data\Nostalgia.Data.csproj", "{0BED1130-4A95-480A-8D53-64F2AC8B1CA2}"
EndProject
Project("{FAE04EC0-301F-11D3-BF4B-00C04F79EFBC}") = "Nostalgia.Application", "src\Nostalgia.Application\Nostalgia.Application.csproj", "{3FF033C5-5822-46E0-89B5-597DF3D12936}"
EndProject
Global
	GlobalSection(SolutionConfigurationPlatforms) = preSolution
		Debug|Any CPU = Debug|Any CPU
		Release|Any CPU = Release|Any CPU
	EndGlobalSection
	GlobalSection(SolutionProperties) = preSolution
		HideSolutionNode = FALSE
	EndGlobalSection
	GlobalSection(ProjectConfigurationPlatforms) = postSolution
		{EE58D4BE-6A53-4F34-9DED-1907B4336AFE}.Debug|Any CPU.ActiveCfg = Debug|Any CPU
		{EE58D4BE-6A53-4F34-9DED-1907B4336AFE}.Debug|Any CPU.Build.0 = Debug|Any CPU
		{EE58D4BE-6A53-4F34-9DED-1907B4336AFE}.Release|Any CPU.ActiveCfg = Release|Any CPU
		{EE58D4BE-6A53-4F34-9DED-1907B4336AFE}.Release|Any CPU.Build.0 = Release|Any CPU
		{AB9452EA-9A7C-4367-B14D-E9B33A7C9B31}.Debug|Any CPU.ActiveCfg = Debug|Any CPU
		{AB9452EA-9A7C-4367-B14D-E9B33A7C9B31}.Debug|Any CPU.Build.0 = Debug|Any CPU
		{AB9452EA-9A7C-4367-B14D-E9B33A7C9B31}.Release|Any CPU.ActiveCfg = Release|Any CPU
		{AB9452EA-9A7C-4367-B14D-E9B33A7C9B31}.Release|Any CPU.Build.0 = Release|Any CPU
		{0BED1130-4A95-480A-8D53-64F2AC8B1CA2}.Debug|Any CPU.ActiveCfg = Debug|Any CPU
		{0BED1130-4A95-480A-8D53-64F2AC8B1CA2}.Debug|Any CPU.Build.0 = Debug|Any CPU
		{0BED1130-4A95-480A-8D53-64F2AC8B1CA2}.Release|Any CPU.ActiveCfg = Release|Any CPU
		{0BED1130-4A95-480A-8D53-64F2AC8B1CA2}.Release|Any CPU.Build.0 = Release|Any CPU
		{3FF033C5-5822-46E0-89B5-597DF3D12936}.Debug|Any CPU.ActiveCfg = Debug|Any CPU
		{3FF033C5-5822-46E0-89B5-597DF3D12936}.Debug|Any CPU.Build.0 = Debug|Any CPU
		{3FF033C5-5822-46E0-89B5-597DF3D12936}.Release|Any CPU.ActiveCfg = Release|Any CPU
		{3FF033C5-5822-46E0-89B5-597DF3D12936}.Release|Any CPU.Build.0 = Release|Any CPU
	EndGlobalSection
EndGlobal
